// !$*UTF8*$!
{
	archiveVersion = 1;
	classes = {
	};
	objectVersion = 55;
	objects = {

/* Begin PBXBuildFile section */
		C80429FB267F76C70093774C /* FloatingPromptTextFieldExampleApp.swift in Sources */ = {isa = PBXBuildFile; fileRef = C80429ED267F76C60093774C /* FloatingPromptTextFieldExampleApp.swift */; };
		C80429FC267F76C70093774C /* FloatingPromptTextFieldExampleApp.swift in Sources */ = {isa = PBXBuildFile; fileRef = C80429ED267F76C60093774C /* FloatingPromptTextFieldExampleApp.swift */; };
		C80429FD267F76C70093774C /* ContentView.swift in Sources */ = {isa = PBXBuildFile; fileRef = C80429EE267F76C60093774C /* ContentView.swift */; };
		C80429FE267F76C70093774C /* ContentView.swift in Sources */ = {isa = PBXBuildFile; fileRef = C80429EE267F76C60093774C /* ContentView.swift */; };
		C80429FF267F76C70093774C /* Assets.xcassets in Resources */ = {isa = PBXBuildFile; fileRef = C80429EF267F76C70093774C /* Assets.xcassets */; };
		C8042A00267F76C70093774C /* Assets.xcassets in Resources */ = {isa = PBXBuildFile; fileRef = C80429EF267F76C70093774C /* Assets.xcassets */; };
		C8042A0D267F77100093774C /* FloatingPromptTextField in Frameworks */ = {isa = PBXBuildFile; productRef = C8042A0C267F77100093774C /* FloatingPromptTextField */; };
/* End PBXBuildFile section */

/* Begin PBXFileReference section */
		C80429ED267F76C60093774C /* FloatingPromptTextFieldExampleApp.swift */ = {isa = PBXFileReference; lastKnownFileType = sourcecode.swift; path = FloatingPromptTextFieldExampleApp.swift; sourceTree = "<group>"; };
		C80429EE267F76C60093774C /* ContentView.swift */ = {isa = PBXFileReference; lastKnownFileType = sourcecode.swift; path = ContentView.swift; sourceTree = "<group>"; };
		C80429EF267F76C70093774C /* Assets.xcassets */ = {isa = PBXFileReference; lastKnownFileType = folder.assetcatalog; path = Assets.xcassets; sourceTree = "<group>"; };
		C80429F4267F76C70093774C /* FloatingPromptTextFieldExample.app */ = {isa = PBXFileReference; explicitFileType = wrapper.application; includeInIndex = 0; path = FloatingPromptTextFieldExample.app; sourceTree = BUILT_PRODUCTS_DIR; };
		C80429FA267F76C70093774C /* FloatingPromptTextFieldExample.app */ = {isa = PBXFileReference; explicitFileType = wrapper.application; includeInIndex = 0; path = FloatingPromptTextFieldExample.app; sourceTree = BUILT_PRODUCTS_DIR; };
		C8042A0A267F76E30093774C /* FocusTextField */ = {isa = PBXFileReference; lastKnownFileType = folder; name = FocusTextField; path = ..; sourceTree = "<group>"; };
/* End PBXFileReference section */

/* Begin PBXFrameworksBuildPhase section */
		C80429F1267F76C70093774C /* Frameworks */ = {
			isa = PBXFrameworksBuildPhase;
			buildActionMask = 2147483647;
			files = (
				C8042A0D267F77100093774C /* FloatingPromptTextField in Frameworks */,
			);
			runOnlyForDeploymentPostprocessing = 0;
		};
		C80429F7267F76C70093774C /* Frameworks */ = {
			isa = PBXFrameworksBuildPhase;
			buildActionMask = 2147483647;
			files = (
			);
			runOnlyForDeploymentPostprocessing = 0;
		};
/* End PBXFrameworksBuildPhase section */

/* Begin PBXGroup section */
		C80429E7267F76C60093774C = {
			isa = PBXGroup;
			children = (
				C80429EC267F76C60093774C /* Shared */,
				C8042A09267F76E30093774C /* Packages */,
				C80429F5267F76C70093774C /* Products */,
				C8042A0B267F77100093774C /* Frameworks */,
			);
			sourceTree = "<group>";
		};
		C80429EC267F76C60093774C /* Shared */ = {
			isa = PBXGroup;
			children = (
				C80429ED267F76C60093774C /* FloatingPromptTextFieldExampleApp.swift */,
				C80429EE267F76C60093774C /* ContentView.swift */,
				C80429EF267F76C70093774C /* Assets.xcassets */,
			);
			path = Shared;
			sourceTree = "<group>";
		};
		C80429F5267F76C70093774C /* Products */ = {
			isa = PBXGroup;
			children = (
				C80429F4267F76C70093774C /* FloatingPromptTextFieldExample.app */,
				C80429FA267F76C70093774C /* FloatingPromptTextFieldExample.app */,
			);
			name = Products;
			sourceTree = "<group>";
		};
		C8042A09267F76E30093774C /* Packages */ = {
			isa = PBXGroup;
			children = (
				C8042A0A267F76E30093774C /* FocusTextField */,
			);
			name = Packages;
			sourceTree = "<group>";
		};
		C8042A0B267F77100093774C /* Frameworks */ = {
			isa = PBXGroup;
			children = (
			);
			name = Frameworks;
			sourceTree = "<group>";
		};
/* End PBXGroup section */

/* Begin PBXNativeTarget section */
		C80429F3267F76C70093774C /* FloatingPromptTextFieldExample (iOS) */ = {
			isa = PBXNativeTarget;
			buildConfigurationList = C8042A03267F76C70093774C /* Build configuration list for PBXNativeTarget "FloatingPromptTextFieldExample (iOS)" */;
			buildPhases = (
				C80429F0267F76C70093774C /* Sources */,
				C80429F1267F76C70093774C /* Frameworks */,
				C80429F2267F76C70093774C /* Resources */,
			);
			buildRules = (
			);
			dependencies = (
			);
			name = "FloatingPromptTextFieldExample (iOS)";
			packageProductDependencies = (
				C8042A0C267F77100093774C /* FloatingPromptTextField */,
			);
			productName = "FloatingPromptTextFieldExample (iOS)";
			productReference = C80429F4267F76C70093774C /* FloatingPromptTextFieldExample.app */;
			productType = "com.apple.product-type.application";
		};
		C80429F9267F76C70093774C /* FloatingPromptTextFieldExample (macOS) */ = {
			isa = PBXNativeTarget;
			buildConfigurationList = C8042A06267F76C70093774C /* Build configuration list for PBXNativeTarget "FloatingPromptTextFieldExample (macOS)" */;
			buildPhases = (
				C80429F6267F76C70093774C /* Sources */,
				C80429F7267F76C70093774C /* Frameworks */,
				C80429F8267F76C70093774C /* Resources */,
			);
			buildRules = (
			);
			dependencies = (
			);
			name = "FloatingPromptTextFieldExample (macOS)";
			productName = "FloatingPromptTextFieldExample (macOS)";
			productReference = C80429FA267F76C70093774C /* FloatingPromptTextFieldExample.app */;
			productType = "com.apple.product-type.application";
		};
/* End PBXNativeTarget section */

/* Begin PBXProject section */
		C80429E8267F76C60093774C /* Project object */ = {
			isa = PBXProject;
			attributes = {
				BuildIndependentTargetsInParallel = 1;
				LastSwiftUpdateCheck = 1300;
				LastUpgradeCheck = 1300;
				TargetAttributes = {
					C80429F3267F76C70093774C = {
						CreatedOnToolsVersion = 13.0;
					};
					C80429F9267F76C70093774C = {
						CreatedOnToolsVersion = 13.0;
					};
				};
			};
			buildConfigurationList = C80429EB267F76C60093774C /* Build configuration list for PBXProject "FloatingPromptTextFieldExample" */;
			compatibilityVersion = "Xcode 13.0";
			developmentRegion = en;
			hasScannedForEncodings = 0;
			knownRegions = (
				en,
				Base,
			);
			mainGroup = C80429E7267F76C60093774C;
			productRefGroup = C80429F5267F76C70093774C /* Products */;
			projectDirPath = "";
			projectRoot = "";
			targets = (
				C80429F3267F76C70093774C /* FloatingPromptTextFieldExample (iOS) */,
				C80429F9267F76C70093774C /* FloatingPromptTextFieldExample (macOS) */,
			);
		};
/* End PBXProject section */

/* Begin PBXResourcesBuildPhase section */
		C80429F2267F76C70093774C /* Resources */ = {
			isa = PBXResourcesBuildPhase;
			buildActionMask = 2147483647;
			files = (
				C80429FF267F76C70093774C /* Assets.xcassets in Resources */,
			);
			runOnlyForDeploymentPostprocessing = 0;
		};
		C80429F8267F76C70093774C /* Resources */ = {
			isa = PBXResourcesBuildPhase;
			buildActionMask = 2147483647;
			files = (
				C8042A00267F76C70093774C /* Assets.xcassets in Resources */,
			);
			runOnlyForDeploymentPostprocessing = 0;
		};
/* End PBXResourcesBuildPhase section */

/* Begin PBXSourcesBuildPhase section */
		C80429F0267F76C70093774C /* Sources */ = {
			isa = PBXSourcesBuildPhase;
			buildActionMask = 2147483647;
			files = (
				C80429FD267F76C70093774C /* ContentView.swift in Sources */,
				C80429FB267F76C70093774C /* FloatingPromptTextFieldExampleApp.swift in Sources */,
			);
			runOnlyForDeploymentPostprocessing = 0;
		};
		C80429F6267F76C70093774C /* Sources */ = {
			isa = PBXSourcesBuildPhase;
			buildActionMask = 2147483647;
			files = (
				C80429FE267F76C70093774C /* ContentView.swift in Sources */,
				C80429FC267F76C70093774C /* FloatingPromptTextFieldExampleApp.swift in Sources */,
			);
			runOnlyForDeploymentPostprocessing = 0;
		};
/* End PBXSourcesBuildPhase section */

/* Begin XCBuildConfiguration section */
		C8042A01267F76C70093774C /* Debug */ = {
			isa = XCBuildConfiguration;
			buildSettings = {
				ALWAYS_SEARCH_USER_PATHS = NO;
				CLANG_ANALYZER_NONNULL = YES;
				CLANG_ANALYZER_NUMBER_OBJECT_CONVERSION = YES_AGGRESSIVE;
				CLANG_CXX_LANGUAGE_STANDARD = "gnu++14";
				CLANG_CXX_LIBRARY = "libc++";
				CLANG_ENABLE_MODULES = YES;
				CLANG_ENABLE_OBJC_ARC = YES;
				CLANG_ENABLE_OBJC_WEAK = YES;
				CLANG_WARN_BLOCK_CAPTURE_AUTORELEASING = YES;
				CLANG_WARN_BOOL_CONVERSION = YES;
				CLANG_WARN_COMMA = YES;
				CLANG_WARN_CONSTANT_CONVERSION = YES;
				CLANG_WARN_DEPRECATED_OBJC_IMPLEMENTATIONS = YES;
				CLANG_WARN_DIRECT_OBJC_ISA_USAGE = YES_ERROR;
				CLANG_WARN_DOCUMENTATION_COMMENTS = YES;
				CLANG_WARN_EMPTY_BODY = YES;
				CLANG_WARN_ENUM_CONVERSION = YES;
				CLANG_WARN_INFINITE_RECURSION = YES;
				CLANG_WARN_INT_CONVERSION = YES;
				CLANG_WARN_NON_LITERAL_NULL_CONVERSION = YES;
				CLANG_WARN_OBJC_IMPLICIT_RETAIN_SELF = YES;
				CLANG_WARN_OBJC_LITERAL_CONVERSION = YES;
				CLANG_WARN_OBJC_ROOT_CLASS = YES_ERROR;
				CLANG_WARN_QUOTED_INCLUDE_IN_FRAMEWORK_HEADER = YES;
				CLANG_WARN_RANGE_LOOP_ANALYSIS = YES;
				CLANG_WARN_STRICT_PROTOTYPES = YES;
				CLANG_WARN_SUSPICIOUS_MOVE = YES;
				CLANG_WARN_UNGUARDED_AVAILABILITY = YES_AGGRESSIVE;
				CLANG_WARN_UNREACHABLE_CODE = YES;
				CLANG_WARN__DUPLICATE_METHOD_MATCH = YES;
				COPY_PHASE_STRIP = NO;
				DEBUG_INFORMATION_FORMAT = dwarf;
				ENABLE_STRICT_OBJC_MSGSEND = YES;
				ENABLE_TESTABILITY = YES;
				GCC_C_LANGUAGE_STANDARD = gnu11;
				GCC_DYNAMIC_NO_PIC = NO;
				GCC_NO_COMMON_BLOCKS = YES;
				GCC_OPTIMIZATION_LEVEL = 0;
				GCC_PREPROCESSOR_DEFINITIONS = (
					"DEBUG=1",
					"$(inherited)",
				);
				GCC_WARN_64_TO_32_BIT_CONVERSION = YES;
				GCC_WARN_ABOUT_RETURN_TYPE = YES_ERROR;
				GCC_WARN_UNDECLARED_SELECTOR = YES;
				GCC_WARN_UNINITIALIZED_AUTOS = YES_AGGRESSIVE;
				GCC_WARN_UNUSED_FUNCTION = YES;
				GCC_WARN_UNUSED_VARIABLE = YES;
				MTL_ENABLE_DEBUG_INFO = INCLUDE_SOURCE;
				MTL_FAST_MATH = YES;
				ONLY_ACTIVE_ARCH = YES;
				SWIFT_ACTIVE_COMPILATION_CONDITIONS = DEBUG;
				SWIFT_OPTIMIZATION_LEVEL = "-Onone";
			};
			name = Debug;
		};
		C8042A02267F76C70093774C /* Release */ = {
			isa = XCBuildConfiguration;
			buildSettings = {
				ALWAYS_SEARCH_USER_PATHS = NO;
				CLANG_ANALYZER_NONNULL = YES;
				CLANG_ANALYZER_NUMBER_OBJECT_CONVERSION = YES_AGGRESSIVE;
				CLANG_CXX_LANGUAGE_STANDARD = "gnu++14";
				CLANG_CXX_LIBRARY = "libc++";
				CLANG_ENABLE_MODULES = YES;
				CLANG_ENABLE_OBJC_ARC = YES;
				CLANG_ENABLE_OBJC_WEAK = YES;
				CLANG_WARN_BLOCK_CAPTURE_AUTORELEASING = YES;
				CLANG_WARN_BOOL_CONVERSION = YES;
				CLANG_WARN_COMMA = YES;
				CLANG_WARN_CONSTANT_CONVERSION = YES;
				CLANG_WARN_DEPRECATED_OBJC_IMPLEMENTATIONS = YES;
				CLANG_WARN_DIRECT_OBJC_ISA_USAGE = YES_ERROR;
				CLANG_WARN_DOCUMENTATION_COMMENTS = YES;
				CLANG_WARN_EMPTY_BODY = YES;
				CLANG_WARN_ENUM_CONVERSION = YES;
				CLANG_WARN_INFINITE_RECURSION = YES;
				CLANG_WARN_INT_CONVERSION = YES;
				CLANG_WARN_NON_LITERAL_NULL_CONVERSION = YES;
				CLANG_WARN_OBJC_IMPLICIT_RETAIN_SELF = YES;
				CLANG_WARN_OBJC_LITERAL_CONVERSION = YES;
				CLANG_WARN_OBJC_ROOT_CLASS = YES_ERROR;
				CLANG_WARN_QUOTED_INCLUDE_IN_FRAMEWORK_HEADER = YES;
				CLANG_WARN_RANGE_LOOP_ANALYSIS = YES;
				CLANG_WARN_STRICT_PROTOTYPES = YES;
				CLANG_WARN_SUSPICIOUS_MOVE = YES;
				CLANG_WARN_UNGUARDED_AVAILABILITY = YES_AGGRESSIVE;
				CLANG_WARN_UNREACHABLE_CODE = YES;
				CLANG_WARN__DUPLICATE_METHOD_MATCH = YES;
				COPY_PHASE_STRIP = NO;
				DEBUG_INFORMATION_FORMAT = "dwarf-with-dsym";
				ENABLE_NS_ASSERTIONS = NO;
				ENABLE_STRICT_OBJC_MSGSEND = YES;
				GCC_C_LANGUAGE_STANDARD = gnu11;
				GCC_NO_COMMON_BLOCKS = YES;
				GCC_WARN_64_TO_32_BIT_CONVERSION = YES;
				GCC_WARN_ABOUT_RETURN_TYPE = YES_ERROR;
				GCC_WARN_UNDECLARED_SELECTOR = YES;
				GCC_WARN_UNINITIALIZED_AUTOS = YES_AGGRESSIVE;
				GCC_WARN_UNUSED_FUNCTION = YES;
				GCC_WARN_UNUSED_VARIABLE = YES;
				MTL_ENABLE_DEBUG_INFO = NO;
				MTL_FAST_MATH = YES;
				SWIFT_COMPILATION_MODE = wholemodule;
				SWIFT_OPTIMIZATION_LEVEL = "-O";
			};
			name = Release;
		};
		C8042A04267F76C70093774C /* Debug */ = {
			isa = XCBuildConfiguration;
			buildSettings = {
				ASSETCATALOG_COMPILER_APPICON_NAME = AppIcon;
				ASSETCATALOG_COMPILER_GLOBAL_ACCENT_COLOR_NAME = AccentColor;
				CODE_SIGN_STYLE = Automatic;
				CURRENT_PROJECT_VERSION = 1;
				DEVELOPMENT_TEAM = FS696NSBK7;
				ENABLE_PREVIEWS = YES;
				GENERATE_INFOPLIST_FILE = YES;
				INFOPLIST_KEY_UIApplicationSceneManifest_Generation = YES;
				INFOPLIST_KEY_UIApplicationSupportsIndirectInputEvents = YES;
				INFOPLIST_KEY_UILaunchScreen_Generation = YES;
				INFOPLIST_KEY_UISupportedInterfaceOrientations_iPad = "UIInterfaceOrientationPortrait UIInterfaceOrientationPortraitUpsideDown UIInterfaceOrientationLandscapeLeft UIInterfaceOrientationLandscapeRight";
				INFOPLIST_KEY_UISupportedInterfaceOrientations_iPhone = "UIInterfaceOrientationPortrait UIInterfaceOrientationLandscapeLeft UIInterfaceOrientationLandscapeRight";
				IPHONEOS_DEPLOYMENT_TARGET = 15.0;
				LD_RUNPATH_SEARCH_PATHS = (
					"$(inherited)",
					"@executable_path/Frameworks",
				);
				MARKETING_VERSION = 1.0;
				PRODUCT_BUNDLE_IDENTIFIER = com.emiliopelaez.FloatingPromptTextFieldExample;
				PRODUCT_NAME = FloatingPromptTextFieldExample;
				SDKROOT = iphoneos;
				SWIFT_EMIT_LOC_STRINGS = YES;
				SWIFT_VERSION = 5.0;
				TARGETED_DEVICE_FAMILY = "1,2";
			};
			name = Debug;
		};
		C8042A05267F76C70093774C /* Release */ = {
			isa = XCBuildConfiguration;
			buildSettings = {
				ASSETCATALOG_COMPILER_APPICON_NAME = AppIcon;
				ASSETCATALOG_COMPILER_GLOBAL_ACCENT_COLOR_NAME = AccentColor;
				CODE_SIGN_STYLE = Automatic;
				CURRENT_PROJECT_VERSION = 1;
				DEVELOPMENT_TEAM = FS696NSBK7;
				ENABLE_PREVIEWS = YES;
				GENERATE_INFOPLIST_FILE = YES;
				INFOPLIST_KEY_UIApplicationSceneManifest_Generation = YES;
				INFOPLIST_KEY_UIApplicationSupportsIndirectInputEvents = YES;
				INFOPLIST_KEY_UILaunchScreen_Generation = YES;
				INFOPLIST_KEY_UISupportedInterfaceOrientations_iPad = "UIInterfaceOrientationPortrait UIInterfaceOrientationPortraitUpsideDown UIInterfaceOrientationLandscapeLeft UIInterfaceOrientationLandscapeRight";
				INFOPLIST_KEY_UISupportedInterfaceOrientations_iPhone = "UIInterfaceOrientationPortrait UIInterfaceOrientationLandscapeLeft UIInterfaceOrientationLandscapeRight";
				IPHONEOS_DEPLOYMENT_TARGET = 15.0;
				LD_RUNPATH_SEARCH_PATHS = (
					"$(inherited)",
					"@executable_path/Frameworks",
				);
				MARKETING_VERSION = 1.0;
				PRODUCT_BUNDLE_IDENTIFIER = com.emiliopelaez.FloatingPromptTextFieldExample;
				PRODUCT_NAME = FloatingPromptTextFieldExample;
				SDKROOT = iphoneos;
				SWIFT_EMIT_LOC_STRINGS = YES;
				SWIFT_VERSION = 5.0;
				TARGETED_DEVICE_FAMILY = "1,2";
				VALIDATE_PRODUCT = YES;
			};
			name = Release;
		};
		C8042A07267F76C70093774C /* Debug */ = {
			isa = XCBuildConfiguration;
			buildSettings = {
				ASSETCATALOG_COMPILER_APPICON_NAME = AppIcon;
				ASSETCATALOG_COMPILER_GLOBAL_ACCENT_COLOR_NAME = AccentColor;
				CODE_SIGN_STYLE = Automatic;
				COMBINE_HIDPI_IMAGES = YES;
				CURRENT_PROJECT_VERSION = 1;
				DEVELOPMENT_TEAM = FS696NSBK7;
				ENABLE_APP_SANDBOX = YES;
				ENABLE_HARDENED_RUNTIME = YES;
				ENABLE_PREVIEWS = YES;
				ENABLE_USER_SELECTED_FILES = readonly;
				GENERATE_INFOPLIST_FILE = YES;
				INFOPLIST_KEY_NSHumanReadableCopyright = "";
				LD_RUNPATH_SEARCH_PATHS = (
					"$(inherited)",
					"@executable_path/../Frameworks",
				);
				MACOSX_DEPLOYMENT_TARGET = 11.0;
				MARKETING_VERSION = 1.0;
				PRODUCT_BUNDLE_IDENTIFIER = com.emiliopelaez.FloatingPromptTextFieldExample;
				PRODUCT_NAME = FloatingPromptTextFieldExample;
				SDKROOT = macosx;
				SWIFT_EMIT_LOC_STRINGS = YES;
				SWIFT_VERSION = 5.0;
			};
			name = Debug;
		};
		C8042A08267F76C70093774C /* Release */ = {
			isa = XCBuildConfiguration;
			buildSettings = {
				ASSETCATALOG_COMPILER_APPICON_NAME = AppIcon;
				ASSETCATALOG_COMPILER_GLOBAL_ACCENT_COLOR_NAME = AccentColor;
				CODE_SIGN_STYLE = Automatic;
				COMBINE_HIDPI_IMAGES = YES;
				CURRENT_PROJECT_VERSION = 1;
				DEVELOPMENT_TEAM = FS696NSBK7;
				ENABLE_APP_SANDBOX = YES;
				ENABLE_HARDENED_RUNTIME = YES;
				ENABLE_PREVIEWS = YES;
				ENABLE_USER_SELECTED_FILES = readonly;
				GENERATE_INFOPLIST_FILE = YES;
				INFOPLIST_KEY_NSHumanReadableCopyright = "";
				LD_RUNPATH_SEARCH_PATHS = (
					"$(inherited)",
					"@executable_path/../Frameworks",
				);
				MACOSX_DEPLOYMENT_TARGET = 11.0;
				MARKETING_VERSION = 1.0;
				PRODUCT_BUNDLE_IDENTIFIER = com.emiliopelaez.FloatingPromptTextFieldExample;
				PRODUCT_NAME = FloatingPromptTextFieldExample;
				SDKROOT = macosx;
				SWIFT_EMIT_LOC_STRINGS = YES;
				SWIFT_VERSION = 5.0;
			};
			name = Release;
		};
/* End XCBuildConfiguration section */

/* Begin XCConfigurationList section */
		C80429EB267F76C60093774C /* Build configuration list for PBXProject "FloatingPromptTextFieldExample" */ = {
			isa = XCConfigurationList;
			buildConfigurations = (
				C8042A01267F76C70093774C /* Debug */,
				C8042A02267F76C70093774C /* Release */,
			);
			defaultConfigurationIsVisible = 0;
			defaultConfigurationName = Release;
		};
		C8042A03267F76C70093774C /* Build configuration list for PBXNativeTarget "FloatingPromptTextFieldExample (iOS)" */ = {
			isa = XCConfigurationList;
			buildConfigurations = (
				C8042A04267F76C70093774C /* Debug */,
				C8042A05267F76C70093774C /* Release */,
			);
			defaultConfigurationIsVisible = 0;
			defaultConfigurationName = Release;
		};
		C8042A06267F76C70093774C /* Build configuration list for PBXNativeTarget "FloatingPromptTextFieldExample (macOS)" */ = {
			isa = XCConfigurationList;
			buildConfigurations = (
				C8042A07267F76C70093774C /* Debug */,
				C8042A08267F76C70093774C /* Release */,
			);
			defaultConfigurationIsVisible = 0;
			defaultConfigurationName = Release;
		};
/* End XCConfigurationList section */

/* Begin XCSwiftPackageProductDependency section */
		C8042A0C267F77100093774C /* FloatingPromptTextField */ = {
			isa = XCSwiftPackageProductDependency;
			productName = FloatingPromptTextField;
		};
/* End XCSwiftPackageProductDependency section */
	};
	rootObject = C80429E8267F76C60093774C /* Project object */;
}
